
Microsoft Visual Studio Solution File, Format Version 12.00
# Visual Studio 15
VisualStudioVersion = 15.0.28307.572
MinimumVisualStudioVersion = 10.0.40219.1
Project("{FAE04EC0-301F-11D3-BF4B-00C04F79EFBC}") = "2019-06-09", "2019-06-09\2019-06-09.csproj", "{9BB49082-9DEC-4F1E-8109-A7C82C34CF29}"
EndProject
Project("{FAE04EC0-301F-11D3-BF4B-00C04F79EFBC}") = "XUnitTest", "XUnitTest\XUnitTest.csproj", "{A8661B47-835A-4971-B4F5-FA76B0262118}"
EndProject
Global
	GlobalSection(SolutionConfigurationPlatforms) = preSolution
		Debug|Any CPU = Debug|Any CPU
		Release|Any CPU = Release|Any CPU
	EndGlobalSection
	GlobalSection(ProjectConfigurationPlatforms) = postSolution
		{9BB49082-9DEC-4F1E-8109-A7C82C34CF29}.Debug|Any CPU.ActiveCfg = Debug|Any CPU
		{9BB49082-9DEC-4F1E-8109-A7C82C34CF29}.Debug|Any CPU.Build.0 = Debug|Any CPU
		{9BB49082-9DEC-4F1E-8109-A7C82C34CF29}.Release|Any CPU.ActiveCfg = Release|Any CPU
		{9BB49082-9DEC-4F1E-8109-A7C82C34CF29}.Release|Any CPU.Build.0 = Release|Any CPU
		{A8661B47-835A-4971-B4F5-FA76B0262118}.Debug|Any CPU.ActiveCfg = Debug|Any CPU
		{A8661B47-835A-4971-B4F5-FA76B0262118}.Debug|Any CPU.Build.0 = Debug|Any CPU
		{A8661B47-835A-4971-B4F5-FA76B0262118}.Release|Any CPU.ActiveCfg = Release|Any CPU
		{A8661B47-835A-4971-B4F5-FA76B0262118}.Release|Any CPU.Build.0 = Release|Any CPU
	EndGlobalSection
	GlobalSection(SolutionProperties) = preSolution
		HideSolutionNode = FALSE
	EndGlobalSection
	GlobalSection(ExtensibilityGlobals) = postSolution
		SolutionGuid = {33353CA3-E751-4DF0-9860-65DD71F08102}
	EndGlobalSection
EndGlobal
