
Microsoft Visual Studio Solution File, Format Version 12.00
# Visual Studio 15
VisualStudioVersion = 15.0.28307.705
MinimumVisualStudioVersion = 10.0.40219.1
Project("{FAE04EC0-301F-11D3-BF4B-00C04F79EFBC}") = "2019-06-22", "2019-06-22\2019-06-22.csproj", "{F253E4CE-D792-49CC-83E3-1E28B55B003E}"
EndProject
Project("{FAE04EC0-301F-11D3-BF4B-00C04F79EFBC}") = "XUnitTest", "XUnitTest\XUnitTest.csproj", "{BDF10327-97BB-4AEB-B3EC-ED92501D2FC9}"
EndProject
Global
	GlobalSection(SolutionConfigurationPlatforms) = preSolution
		Debug|Any CPU = Debug|Any CPU
		Release|Any CPU = Release|Any CPU
	EndGlobalSection
	GlobalSection(ProjectConfigurationPlatforms) = postSolution
		{F253E4CE-D792-49CC-83E3-1E28B55B003E}.Debug|Any CPU.ActiveCfg = Debug|Any CPU
		{F253E4CE-D792-49CC-83E3-1E28B55B003E}.Debug|Any CPU.Build.0 = Debug|Any CPU
		{F253E4CE-D792-49CC-83E3-1E28B55B003E}.Release|Any CPU.ActiveCfg = Release|Any CPU
		{F253E4CE-D792-49CC-83E3-1E28B55B003E}.Release|Any CPU.Build.0 = Release|Any CPU
		{BDF10327-97BB-4AEB-B3EC-ED92501D2FC9}.Debug|Any CPU.ActiveCfg = Debug|Any CPU
		{BDF10327-97BB-4AEB-B3EC-ED92501D2FC9}.Debug|Any CPU.Build.0 = Debug|Any CPU
		{BDF10327-97BB-4AEB-B3EC-ED92501D2FC9}.Release|Any CPU.ActiveCfg = Release|Any CPU
		{BDF10327-97BB-4AEB-B3EC-ED92501D2FC9}.Release|Any CPU.Build.0 = Release|Any CPU
	EndGlobalSection
	GlobalSection(SolutionProperties) = preSolution
		HideSolutionNode = FALSE
	EndGlobalSection
	GlobalSection(ExtensibilityGlobals) = postSolution
		SolutionGuid = {B6CD6A73-C741-465A-8DAA-62CEAA0D7F64}
	EndGlobalSection
EndGlobal
