
Microsoft Visual Studio Solution File, Format Version 12.00
# Visual Studio 15
VisualStudioVersion = 15.0.28307.572
MinimumVisualStudioVersion = 10.0.40219.1
Project("{FAE04EC0-301F-11D3-BF4B-00C04F79EFBC}") = "2019-06-16", "2019-06-16\2019-06-16.csproj", "{0E8080F3-CB5D-4BCF-B271-FDE9A57DAE03}"
EndProject
Project("{FAE04EC0-301F-11D3-BF4B-00C04F79EFBC}") = "XUnitTest", "XUnitTest\XUnitTest.csproj", "{BED94882-AA07-4BF0-8999-8DBAF324D645}"
EndProject
Global
	GlobalSection(SolutionConfigurationPlatforms) = preSolution
		Debug|Any CPU = Debug|Any CPU
		Release|Any CPU = Release|Any CPU
	EndGlobalSection
	GlobalSection(ProjectConfigurationPlatforms) = postSolution
		{0E8080F3-CB5D-4BCF-B271-FDE9A57DAE03}.Debug|Any CPU.ActiveCfg = Debug|Any CPU
		{0E8080F3-CB5D-4BCF-B271-FDE9A57DAE03}.Debug|Any CPU.Build.0 = Debug|Any CPU
		{0E8080F3-CB5D-4BCF-B271-FDE9A57DAE03}.Release|Any CPU.ActiveCfg = Release|Any CPU
		{0E8080F3-CB5D-4BCF-B271-FDE9A57DAE03}.Release|Any CPU.Build.0 = Release|Any CPU
		{BED94882-AA07-4BF0-8999-8DBAF324D645}.Debug|Any CPU.ActiveCfg = Debug|Any CPU
		{BED94882-AA07-4BF0-8999-8DBAF324D645}.Debug|Any CPU.Build.0 = Debug|Any CPU
		{BED94882-AA07-4BF0-8999-8DBAF324D645}.Release|Any CPU.ActiveCfg = Release|Any CPU
		{BED94882-AA07-4BF0-8999-8DBAF324D645}.Release|Any CPU.Build.0 = Release|Any CPU
	EndGlobalSection
	GlobalSection(SolutionProperties) = preSolution
		HideSolutionNode = FALSE
	EndGlobalSection
	GlobalSection(ExtensibilityGlobals) = postSolution
		SolutionGuid = {660E4CE7-2A43-4BF4-81B0-E1A044E44739}
	EndGlobalSection
EndGlobal
