
Microsoft Visual Studio Solution File, Format Version 12.00
# Visual Studio 15
VisualStudioVersion = 15.0.28307.572
MinimumVisualStudioVersion = 10.0.40219.1
Project("{9A19103F-16F7-4668-BE54-9A1E7A4F7556}") = "2019-05-24", "StringCalculator\2019-05-24.csproj", "{C9A29AC4-A4DA-4A93-A912-44CB8902418E}"
EndProject
Global
	GlobalSection(SolutionConfigurationPlatforms) = preSolution
		Debug|Any CPU = Debug|Any CPU
		Release|Any CPU = Release|Any CPU
	EndGlobalSection
	GlobalSection(ProjectConfigurationPlatforms) = postSolution
		{C9A29AC4-A4DA-4A93-A912-44CB8902418E}.Debug|Any CPU.ActiveCfg = Debug|Any CPU
		{C9A29AC4-A4DA-4A93-A912-44CB8902418E}.Debug|Any CPU.Build.0 = Debug|Any CPU
		{C9A29AC4-A4DA-4A93-A912-44CB8902418E}.Release|Any CPU.ActiveCfg = Release|Any CPU
		{C9A29AC4-A4DA-4A93-A912-44CB8902418E}.Release|Any CPU.Build.0 = Release|Any CPU
	EndGlobalSection
	GlobalSection(SolutionProperties) = preSolution
		HideSolutionNode = FALSE
	EndGlobalSection
	GlobalSection(ExtensibilityGlobals) = postSolution
		SolutionGuid = {995B248B-5CA2-4645-B935-80CD055446EB}
	EndGlobalSection
EndGlobal
