
Microsoft Visual Studio Solution File, Format Version 12.00
# Visual Studio 15
VisualStudioVersion = 15.0.28307.705
MinimumVisualStudioVersion = 10.0.40219.1
Project("{FAE04EC0-301F-11D3-BF4B-00C04F79EFBC}") = "2019-07-07", "2019-07-07\2019-07-07.csproj", "{7AA67108-4A18-436C-8EF1-46625345BCFF}"
EndProject
Project("{FAE04EC0-301F-11D3-BF4B-00C04F79EFBC}") = "XUnitTest", "XUnitTest\XUnitTest.csproj", "{098C7012-46B3-47EA-8D50-CCEF3CBB5CE4}"
EndProject
Global
	GlobalSection(SolutionConfigurationPlatforms) = preSolution
		Debug|Any CPU = Debug|Any CPU
		Release|Any CPU = Release|Any CPU
	EndGlobalSection
	GlobalSection(ProjectConfigurationPlatforms) = postSolution
		{7AA67108-4A18-436C-8EF1-46625345BCFF}.Debug|Any CPU.ActiveCfg = Debug|Any CPU
		{7AA67108-4A18-436C-8EF1-46625345BCFF}.Debug|Any CPU.Build.0 = Debug|Any CPU
		{7AA67108-4A18-436C-8EF1-46625345BCFF}.Release|Any CPU.ActiveCfg = Release|Any CPU
		{7AA67108-4A18-436C-8EF1-46625345BCFF}.Release|Any CPU.Build.0 = Release|Any CPU
		{098C7012-46B3-47EA-8D50-CCEF3CBB5CE4}.Debug|Any CPU.ActiveCfg = Debug|Any CPU
		{098C7012-46B3-47EA-8D50-CCEF3CBB5CE4}.Debug|Any CPU.Build.0 = Debug|Any CPU
		{098C7012-46B3-47EA-8D50-CCEF3CBB5CE4}.Release|Any CPU.ActiveCfg = Release|Any CPU
		{098C7012-46B3-47EA-8D50-CCEF3CBB5CE4}.Release|Any CPU.Build.0 = Release|Any CPU
	EndGlobalSection
	GlobalSection(SolutionProperties) = preSolution
		HideSolutionNode = FALSE
	EndGlobalSection
	GlobalSection(ExtensibilityGlobals) = postSolution
		SolutionGuid = {7D495690-A7FB-4F54-94BB-1C96F03AA856}
	EndGlobalSection
EndGlobal
